
Microsoft Visual Studio Solution File, Format Version 12.00
# Visual Studio Version 17
VisualStudioVersion = 17.4.33122.133
MinimumVisualStudioVersion = 10.0.40219.1
Project("{FAE04EC0-301F-11D3-BF4B-00C04F79EFBC}") = "NewApi", "NewApi\NewApi.csproj", "{5A5EE39E-9D1A-4A52-9247-D25BC9290380}"
EndProject
Global
	GlobalSection(SolutionConfigurationPlatforms) = preSolution
		Debug|Any CPU = Debug|Any CPU
		Release|Any CPU = Release|Any CPU
	EndGlobalSection
	GlobalSection(ProjectConfigurationPlatforms) = postSolution
		{5A5EE39E-9D1A-4A52-9247-D25BC9290380}.Debug|Any CPU.ActiveCfg = Debug|Any CPU
		{5A5EE39E-9D1A-4A52-9247-D25BC9290380}.Debug|Any CPU.Build.0 = Debug|Any CPU
		{5A5EE39E-9D1A-4A52-9247-D25BC9290380}.Release|Any CPU.ActiveCfg = Release|Any CPU
		{5A5EE39E-9D1A-4A52-9247-D25BC9290380}.Release|Any CPU.Build.0 = Release|Any CPU
	EndGlobalSection
	GlobalSection(SolutionProperties) = preSolution
		HideSolutionNode = FALSE
	EndGlobalSection
	GlobalSection(ExtensibilityGlobals) = postSolution
		SolutionGuid = {B96B78DB-DF2F-4DD8-B967-AF23DE523B0F}
	EndGlobalSection
EndGlobal
